// !$*UTF8*$!
{
	archiveVersion = 1;
	classes = {
	};
	objectVersion = 46;
	objects = {

/* Begin PBXBuildFile section */
		BE4CCBE41C2BBD0B00CA3C26 /* AppDelegate.swift in Sources */ = {isa = PBXBuildFile; fileRef = BE4CCBE31C2BBD0B00CA3C26 /* AppDelegate.swift */; };
		BE4CCBE61C2BBD0B00CA3C26 /* ViewController.swift in Sources */ = {isa = PBXBuildFile; fileRef = BE4CCBE51C2BBD0B00CA3C26 /* ViewController.swift */; };
		BE4CCBE91C2BBD0B00CA3C26 /* Main.storyboard in Resources */ = {isa = PBXBuildFile; fileRef = BE4CCBE71C2BBD0B00CA3C26 /* Main.storyboard */; };
		BE4CCBEB1C2BBD0B00CA3C26 /* Assets.xcassets in Resources */ = {isa = PBXBuildFile; fileRef = BE4CCBEA1C2BBD0B00CA3C26 /* Assets.xcassets */; };
		BE4CCBEE1C2BBD0B00CA3C26 /* LaunchScreen.storyboard in Resources */ = {isa = PBXBuildFile; fileRef = BE4CCBEC1C2BBD0B00CA3C26 /* LaunchScreen.storyboard */; };
/* End PBXBuildFile section */

/* Begin PBXFileReference section */
		BE4CCBE01C2BBD0B00CA3C26 /* RandomTest2.app */ = {isa = PBXFileReference; explicitFileType = wrapper.application; includeInIndex = 0; path = RandomTest2.app; sourceTree = BUILT_PRODUCTS_DIR; };
		BE4CCBE31C2BBD0B00CA3C26 /* AppDelegate.swift */ = {isa = PBXFileReference; lastKnownFileType = sourcecode.swift; path = AppDelegate.swift; sourceTree = "<group>"; };
		BE4CCBE51C2BBD0B00CA3C26 /* ViewController.swift */ = {isa = PBXFileReference; lastKnownFileType = sourcecode.swift; path = ViewController.swift; sourceTree = "<group>"; };
		BE4CCBE81C2BBD0B00CA3C26 /* Base */ = {isa = PBXFileReference; lastKnownFileType = file.storyboard; name = Base; path = Base.lproj/Main.storyboard; sourceTree = "<group>"; };
		BE4CCBEA1C2BBD0B00CA3C26 /* Assets.xcassets */ = {isa = PBXFileReference; lastKnownFileType = folder.assetcatalog; path = Assets.xcassets; sourceTree = "<group>"; };
		BE4CCBED1C2BBD0B00CA3C26 /* Base */ = {isa = PBXFileReference; lastKnownFileType = file.storyboard; name = Base; path = Base.lproj/LaunchScreen.storyboard; sourceTree = "<group>"; };
		BE4CCBEF1C2BBD0B00CA3C26 /* Info.plist */ = {isa = PBXFileReference; lastKnownFileType = text.plist.xml; path = Info.plist; sourceTree = "<group>"; };
/* End PBXFileReference section */

/* Begin PBXFrameworksBuildPhase section */
		BE4CCBDD1C2BBD0B00CA3C26 /* Frameworks */ = {
			isa = PBXFrameworksBuildPhase;
			buildActionMask = 2147483647;
			files = (
			);
			runOnlyForDeploymentPostprocessing = 0;
		};
/* End PBXFrameworksBuildPhase section */

/* Begin PBXGroup section */
		BE4CCBD71C2BBD0B00CA3C26 = {
			isa = PBXGroup;
			children = (
				BE4CCBE21C2BBD0B00CA3C26 /* RandomTest2 */,
				BE4CCBE11C2BBD0B00CA3C26 /* Products */,
			);
			sourceTree = "<group>";
		};
		BE4CCBE11C2BBD0B00CA3C26 /* Products */ = {
			isa = PBXGroup;
			children = (
				BE4CCBE01C2BBD0B00CA3C26 /* RandomTest2.app */,
			);
			name = Products;
			sourceTree = "<group>";
		};
		BE4CCBE21C2BBD0B00CA3C26 /* RandomTest2 */ = {
			isa = PBXGroup;
			children = (
				BE4CCBE31C2BBD0B00CA3C26 /* AppDelegate.swift */,
				BE4CCBE51C2BBD0B00CA3C26 /* ViewController.swift */,
				BE4CCBE71C2BBD0B00CA3C26 /* Main.storyboard */,
				BE4CCBEA1C2BBD0B00CA3C26 /* Assets.xcassets */,
				BE4CCBEC1C2BBD0B00CA3C26 /* LaunchScreen.storyboard */,
				BE4CCBEF1C2BBD0B00CA3C26 /* Info.plist */,
			);
			path = RandomTest2;
			sourceTree = "<group>";
		};
/* End PBXGroup section */

/* Begin PBXNativeTarget section */
		BE4CCBDF1C2BBD0B00CA3C26 /* RandomTest2 */ = {
			isa = PBXNativeTarget;
			buildConfigurationList = BE4CCBF21C2BBD0B00CA3C26 /* Build configuration list for PBXNativeTarget "RandomTest2" */;
			buildPhases = (
				BE4CCBDC1C2BBD0B00CA3C26 /* Sources */,
				BE4CCBDD1C2BBD0B00CA3C26 /* Frameworks */,
				BE4CCBDE1C2BBD0B00CA3C26 /* Resources */,
			);
			buildRules = (
			);
			dependencies = (
			);
			name = RandomTest2;
			productName = RandomTest2;
			productReference = BE4CCBE01C2BBD0B00CA3C26 /* RandomTest2.app */;
			productType = "com.apple.product-type.application";
		};
/* End PBXNativeTarget section */

/* Begin PBXProject section */
		BE4CCBD81C2BBD0B00CA3C26 /* Project object */ = {
			isa = PBXProject;
			attributes = {
				LastSwiftUpdateCheck = 0720;
				LastUpgradeCheck = 0720;
				ORGANIZATIONNAME = whs;
				TargetAttributes = {
					BE4CCBDF1C2BBD0B00CA3C26 = {
						CreatedOnToolsVersion = 7.2;
					};
				};
			};
			buildConfigurationList = BE4CCBDB1C2BBD0B00CA3C26 /* Build configuration list for PBXProject "RandomTest2" */;
			compatibilityVersion = "Xcode 3.2";
			developmentRegion = English;
			hasScannedForEncodings = 0;
			knownRegions = (
				en,
				Base,
			);
			mainGroup = BE4CCBD71C2BBD0B00CA3C26;
			productRefGroup = BE4CCBE11C2BBD0B00CA3C26 /* Products */;
			projectDirPath = "";
			projectRoot = "";
			targets = (
				BE4CCBDF1C2BBD0B00CA3C26 /* RandomTest2 */,
			);
		};
/* End PBXProject section */

/* Begin PBXResourcesBuildPhase section */
		BE4CCBDE1C2BBD0B00CA3C26 /* Resources */ = {
			isa = PBXResourcesBuildPhase;
			buildActionMask = 2147483647;
			files = (
				BE4CCBEE1C2BBD0B00CA3C26 /* LaunchScreen.storyboard in Resources */,
				BE4CCBEB1C2BBD0B00CA3C26 /* Assets.xcassets in Resources */,
				BE4CCBE91C2BBD0B00CA3C26 /* Main.storyboard in Resources */,
			);
			runOnlyForDeploymentPostprocessing = 0;
		};
/* End PBXResourcesBuildPhase section */

/* Begin PBXSourcesBuildPhase section */
		BE4CCBDC1C2BBD0B00CA3C26 /* Sources */ = {
			isa = PBXSourcesBuildPhase;
			buildActionMask = 2147483647;
			files = (
				BE4CCBE61C2BBD0B00CA3C26 /* ViewController.swift in Sources */,
				BE4CCBE41C2BBD0B00CA3C26 /* AppDelegate.swift in Sources */,
			);
			runOnlyForDeploymentPostprocessing = 0;
		};
/* End PBXSourcesBuildPhase section */

/* Begin PBXVariantGroup section */
		BE4CCBE71C2BBD0B00CA3C26 /* Main.storyboard */ = {
			isa = PBXVariantGroup;
			children = (
				BE4CCBE81C2BBD0B00CA3C26 /* Base */,
			);
			name = Main.storyboard;
			sourceTree = "<group>";
		};
		BE4CCBEC1C2BBD0B00CA3C26 /* LaunchScreen.storyboard */ = {
			isa = PBXVariantGroup;
			children = (
				BE4CCBED1C2BBD0B00CA3C26 /* Base */,
			);
			name = LaunchScreen.storyboard;
			sourceTree = "<group>";
		};
/* End PBXVariantGroup section */

/* Begin XCBuildConfiguration section */
		BE4CCBF01C2BBD0B00CA3C26 /* Debug */ = {
			isa = XCBuildConfiguration;
			buildSettings = {
				ALWAYS_SEARCH_USER_PATHS = NO;
				CLANG_CXX_LANGUAGE_STANDARD = "gnu++0x";
				CLANG_CXX_LIBRARY = "libc++";
				CLANG_ENABLE_MODULES = YES;
				CLANG_ENABLE_OBJC_ARC = YES;
				CLANG_WARN_BOOL_CONVERSION = YES;
				CLANG_WARN_CONSTANT_CONVERSION = YES;
				CLANG_WARN_DIRECT_OBJC_ISA_USAGE = YES_ERROR;
				CLANG_WARN_EMPTY_BODY = YES;
				CLANG_WARN_ENUM_CONVERSION = YES;
				CLANG_WARN_INT_CONVERSION = YES;
				CLANG_WARN_OBJC_ROOT_CLASS = YES_ERROR;
				CLANG_WARN_UNREACHABLE_CODE = YES;
				CLANG_WARN__DUPLICATE_METHOD_MATCH = YES;
				"CODE_SIGN_IDENTITY[sdk=iphoneos*]" = "iPhone Developer";
				COPY_PHASE_STRIP = NO;
				DEBUG_INFORMATION_FORMAT = dwarf;
				ENABLE_STRICT_OBJC_MSGSEND = YES;
				ENABLE_TESTABILITY = YES;
				GCC_C_LANGUAGE_STANDARD = gnu99;
				GCC_DYNAMIC_NO_PIC = NO;
				GCC_NO_COMMON_BLOCKS = YES;
				GCC_OPTIMIZATION_LEVEL = 0;
				GCC_PREPROCESSOR_DEFINITIONS = (
					"DEBUG=1",
					"$(inherited)",
				);
				GCC_WARN_64_TO_32_BIT_CONVERSION = YES;
				GCC_WARN_ABOUT_RETURN_TYPE = YES_ERROR;
				GCC_WARN_UNDECLARED_SELECTOR = YES;
				GCC_WARN_UNINITIALIZED_AUTOS = YES_AGGRESSIVE;
				GCC_WARN_UNUSED_FUNCTION = YES;
				GCC_WARN_UNUSED_VARIABLE = YES;
				IPHONEOS_DEPLOYMENT_TARGET = 9.2;
				MTL_ENABLE_DEBUG_INFO = YES;
				ONLY_ACTIVE_ARCH = YES;
				SDKROOT = iphoneos;
				SWIFT_OPTIMIZATION_LEVEL = "-Onone";
			};
			name = Debug;
		};
		BE4CCBF11C2BBD0B00CA3C26 /* Release */ = {
			isa = XCBuildConfiguration;
			buildSettings = {
				ALWAYS_SEARCH_USER_PATHS = NO;
				CLANG_CXX_LANGUAGE_STANDARD = "gnu++0x";
				CLANG_CXX_LIBRARY = "libc++";
				CLANG_ENABLE_MODULES = YES;
				CLANG_ENABLE_OBJC_ARC = YES;
				CLANG_WARN_BOOL_CONVERSION = YES;
				CLANG_WARN_CONSTANT_CONVERSION = YES;
				CLANG_WARN_DIRECT_OBJC_ISA_USAGE = YES_ERROR;
				CLANG_WARN_EMPTY_BODY = YES;
				CLANG_WARN_ENUM_CONVERSION = YES;
				CLANG_WARN_INT_CONVERSION = YES;
				CLANG_WARN_OBJC_ROOT_CLASS = YES_ERROR;
				CLANG_WARN_UNREACHABLE_CODE = YES;
				CLANG_WARN__DUPLICATE_METHOD_MATCH = YES;
				"CODE_SIGN_IDENTITY[sdk=iphoneos*]" = "iPhone Developer";
				COPY_PHASE_STRIP = NO;
				DEBUG_INFORMATION_FORMAT = "dwarf-with-dsym";
				ENABLE_NS_ASSERTIONS = NO;
				ENABLE_STRICT_OBJC_MSGSEND = YES;
				GCC_C_LANGUAGE_STANDARD = gnu99;
				GCC_NO_COMMON_BLOCKS = YES;
				GCC_WARN_64_TO_32_BIT_CONVERSION = YES;
				GCC_WARN_ABOUT_RETURN_TYPE = YES_ERROR;
				GCC_WARN_UNDECLARED_SELECTOR = YES;
				GCC_WARN_UNINITIALIZED_AUTOS = YES_AGGRESSIVE;
				GCC_WARN_UNUSED_FUNCTION = YES;
				GCC_WARN_UNUSED_VARIABLE = YES;
				IPHONEOS_DEPLOYMENT_TARGET = 9.2;
				MTL_ENABLE_DEBUG_INFO = NO;
				SDKROOT = iphoneos;
				VALIDATE_PRODUCT = YES;
			};
			name = Release;
		};
		BE4CCBF31C2BBD0B00CA3C26 /* Debug */ = {
			isa = XCBuildConfiguration;
			buildSettings = {
				ASSETCATALOG_COMPILER_APPICON_NAME = AppIcon;
				CODE_SIGN_IDENTITY = "iPhone Developer";
				INFOPLIST_FILE = RandomTest2/Info.plist;
				LD_RUNPATH_SEARCH_PATHS = "$(inherited) @executable_path/Frameworks";
				PRODUCT_BUNDLE_IDENTIFIER = com.tlns.RandomTest2;
				PRODUCT_NAME = "$(TARGET_NAME)";
			};
			name = Debug;
		};
		BE4CCBF41C2BBD0B00CA3C26 /* Release */ = {
			isa = XCBuildConfiguration;
			buildSettings = {
				ASSETCATALOG_COMPILER_APPICON_NAME = AppIcon;
				CODE_SIGN_IDENTITY = "iPhone Developer";
				INFOPLIST_FILE = RandomTest2/Info.plist;
				LD_RUNPATH_SEARCH_PATHS = "$(inherited) @executable_path/Frameworks";
				PRODUCT_BUNDLE_IDENTIFIER = com.tlns.RandomTest2;
				PRODUCT_NAME = "$(TARGET_NAME)";
			};
			name = Release;
		};
/* End XCBuildConfiguration section */

/* Begin XCConfigurationList section */
		BE4CCBDB1C2BBD0B00CA3C26 /* Build configuration list for PBXProject "RandomTest2" */ = {
			isa = XCConfigurationList;
			buildConfigurations = (
				BE4CCBF01C2BBD0B00CA3C26 /* Debug */,
				BE4CCBF11C2BBD0B00CA3C26 /* Release */,
			);
			defaultConfigurationIsVisible = 0;
			defaultConfigurationName = Release;
		};
		BE4CCBF21C2BBD0B00CA3C26 /* Build configuration list for PBXNativeTarget "RandomTest2" */ = {
			isa = XCConfigurationList;
			buildConfigurations = (
				BE4CCBF31C2BBD0B00CA3C26 /* Debug */,
				BE4CCBF41C2BBD0B00CA3C26 /* Release */,
			);
			defaultConfigurationIsVisible = 0;
		};
/* End XCConfigurationList section */
	};
	rootObject = BE4CCBD81C2BBD0B00CA3C26 /* Project object */;
}
